
Microsoft Visual Studio Solution File, Format Version 12.00
# Visual Studio Version 16
VisualStudioVersion = 16.0.31205.134
MinimumVisualStudioVersion = 10.0.40219.1
Project("{FAE04EC0-301F-11D3-BF4B-00C04F79EFBC}") = "APIagencijaNekretnine", "APIagencijaNekretnine.csproj", "{00379DD6-7552-4EB9-94C7-402BDDEB1B00}"
EndProject
Project("{FAE04EC0-301F-11D3-BF4B-00C04F79EFBC}") = "DatabaseAccess", "..\DatabaseAccess\DatabaseAccess.csproj", "{DE59E8F1-3990-4452-9BE1-906D03CF756D}"
EndProject
Global
	GlobalSection(SolutionConfigurationPlatforms) = preSolution
		Debug|Any CPU = Debug|Any CPU
		Release|Any CPU = Release|Any CPU
	EndGlobalSection
	GlobalSection(ProjectConfigurationPlatforms) = postSolution
		{00379DD6-7552-4EB9-94C7-402BDDEB1B00}.Debug|Any CPU.ActiveCfg = Debug|Any CPU
		{00379DD6-7552-4EB9-94C7-402BDDEB1B00}.Debug|Any CPU.Build.0 = Debug|Any CPU
		{00379DD6-7552-4EB9-94C7-402BDDEB1B00}.Release|Any CPU.ActiveCfg = Release|Any CPU
		{00379DD6-7552-4EB9-94C7-402BDDEB1B00}.Release|Any CPU.Build.0 = Release|Any CPU
		{DE59E8F1-3990-4452-9BE1-906D03CF756D}.Debug|Any CPU.ActiveCfg = Debug|Any CPU
		{DE59E8F1-3990-4452-9BE1-906D03CF756D}.Debug|Any CPU.Build.0 = Debug|Any CPU
		{DE59E8F1-3990-4452-9BE1-906D03CF756D}.Release|Any CPU.ActiveCfg = Release|Any CPU
		{DE59E8F1-3990-4452-9BE1-906D03CF756D}.Release|Any CPU.Build.0 = Release|Any CPU
	EndGlobalSection
	GlobalSection(SolutionProperties) = preSolution
		HideSolutionNode = FALSE
	EndGlobalSection
	GlobalSection(ExtensibilityGlobals) = postSolution
		SolutionGuid = {8E10B5D7-427C-430C-81F8-4D73DD57547E}
	EndGlobalSection
EndGlobal
